// !$*UTF8*$!
{
	archiveVersion = 1;
	classes = {
	};
	objectVersion = 56;
	objects = {

/* Begin PBXBuildFile section */
		F4A8A2392B941A1B001F57BE /* RequestManager.swift in Sources */ = {isa = PBXBuildFile; fileRef = F4A8A2382B941A1B001F57BE /* RequestManager.swift */; };
		F4A8A23B2B941A28001F57BE /* RequestMethodManager.swift in Sources */ = {isa = PBXBuildFile; fileRef = F4A8A23A2B941A28001F57BE /* RequestMethodManager.swift */; };
		F4A8A23D2B941A34001F57BE /* RequestURLManager.swift in Sources */ = {isa = PBXBuildFile; fileRef = F4A8A23C2B941A34001F57BE /* RequestURLManager.swift */; };
		F4A8A23F2B941A45001F57BE /* RequestQueryParamManager.swift in Sources */ = {isa = PBXBuildFile; fileRef = F4A8A23E2B941A45001F57BE /* RequestQueryParamManager.swift */; };
		F4A8A2412B941A8B001F57BE /* RequestHeaderManager.swift in Sources */ = {isa = PBXBuildFile; fileRef = F4A8A2402B941A8B001F57BE /* RequestHeaderManager.swift */; };
		F4A8A2432B941A99001F57BE /* RequestBodyManager.swift in Sources */ = {isa = PBXBuildFile; fileRef = F4A8A2422B941A99001F57BE /* RequestBodyManager.swift */; };
		F4A8A2452B941AA5001F57BE /* WebService.swift in Sources */ = {isa = PBXBuildFile; fileRef = F4A8A2442B941AA5001F57BE /* WebService.swift */; };
		F4A8A2472B941AB5001F57BE /* NetworkErrors.swift in Sources */ = {isa = PBXBuildFile; fileRef = F4A8A2462B941AB5001F57BE /* NetworkErrors.swift */; };
		F4A8A2492B941ACD001F57BE /* NetworkMonitorService.swift in Sources */ = {isa = PBXBuildFile; fileRef = F4A8A2482B941ACD001F57BE /* NetworkMonitorService.swift */; };
		F4AD1F3A2B9572E300369ED4 /* Logger.swift in Sources */ = {isa = PBXBuildFile; fileRef = F4AD1F392B9572E300369ED4 /* Logger.swift */; };
		F4AD1F3E2B95958500369ED4 /* PopularMoviesPage.swift in Sources */ = {isa = PBXBuildFile; fileRef = F4AD1F3D2B95958500369ED4 /* PopularMoviesPage.swift */; };
		F4AD1F402B959BC000369ED4 /* PopularMovie.swift in Sources */ = {isa = PBXBuildFile; fileRef = F4AD1F3F2B959BC000369ED4 /* PopularMovie.swift */; };
		F4C09BF02B96C071002259B3 /* MovieTableViewCell.swift in Sources */ = {isa = PBXBuildFile; fileRef = F4C09BEE2B96C071002259B3 /* MovieTableViewCell.swift */; };
		F4C09BF12B96C071002259B3 /* MovieTableViewCell.xib in Resources */ = {isa = PBXBuildFile; fileRef = F4C09BEF2B96C071002259B3 /* MovieTableViewCell.xib */; };
		F4FC68912B9168C00012E8C4 /* AppDelegate.swift in Sources */ = {isa = PBXBuildFile; fileRef = F4FC68902B9168C00012E8C4 /* AppDelegate.swift */; };
		F4FC68932B9168C00012E8C4 /* SceneDelegate.swift in Sources */ = {isa = PBXBuildFile; fileRef = F4FC68922B9168C00012E8C4 /* SceneDelegate.swift */; };
		F4FC68952B9168C00012E8C4 /* SearchMovieViewController.swift in Sources */ = {isa = PBXBuildFile; fileRef = F4FC68942B9168C00012E8C4 /* SearchMovieViewController.swift */; };
		F4FC68982B9168C00012E8C4 /* Main.storyboard in Resources */ = {isa = PBXBuildFile; fileRef = F4FC68962B9168C00012E8C4 /* Main.storyboard */; };
		F4FC689A2B9168C20012E8C4 /* Assets.xcassets in Resources */ = {isa = PBXBuildFile; fileRef = F4FC68992B9168C20012E8C4 /* Assets.xcassets */; };
		F4FC689D2B9168C20012E8C4 /* LaunchScreen.storyboard in Resources */ = {isa = PBXBuildFile; fileRef = F4FC689B2B9168C20012E8C4 /* LaunchScreen.storyboard */; };
		F4FC68A52B916B0A0012E8C4 /* README.md in Resources */ = {isa = PBXBuildFile; fileRef = F4FC68A42B916B090012E8C4 /* README.md */; };
		F4FC68AC2B91723D0012E8C4 /* StoryBoarded.swift in Sources */ = {isa = PBXBuildFile; fileRef = F4FC68AB2B91723D0012E8C4 /* StoryBoarded.swift */; };
		F4FC68B02B91727F0012E8C4 /* UIViewController.swift in Sources */ = {isa = PBXBuildFile; fileRef = F4FC68AF2B91727F0012E8C4 /* UIViewController.swift */; };
		F4FC68B22B9172BC0012E8C4 /* CoordinatorProtocol.swift in Sources */ = {isa = PBXBuildFile; fileRef = F4FC68B12B9172BC0012E8C4 /* CoordinatorProtocol.swift */; };
		F4FC68B42B9172DA0012E8C4 /* MainCoordinator.swift in Sources */ = {isa = PBXBuildFile; fileRef = F4FC68B32B9172DA0012E8C4 /* MainCoordinator.swift */; };
/* End PBXBuildFile section */

/* Begin PBXFileReference section */
		F4A8A2382B941A1B001F57BE /* RequestManager.swift */ = {isa = PBXFileReference; lastKnownFileType = sourcecode.swift; path = RequestManager.swift; sourceTree = "<group>"; };
		F4A8A23A2B941A28001F57BE /* RequestMethodManager.swift */ = {isa = PBXFileReference; lastKnownFileType = sourcecode.swift; path = RequestMethodManager.swift; sourceTree = "<group>"; };
		F4A8A23C2B941A34001F57BE /* RequestURLManager.swift */ = {isa = PBXFileReference; lastKnownFileType = sourcecode.swift; path = RequestURLManager.swift; sourceTree = "<group>"; };
		F4A8A23E2B941A45001F57BE /* RequestQueryParamManager.swift */ = {isa = PBXFileReference; lastKnownFileType = sourcecode.swift; path = RequestQueryParamManager.swift; sourceTree = "<group>"; };
		F4A8A2402B941A8B001F57BE /* RequestHeaderManager.swift */ = {isa = PBXFileReference; lastKnownFileType = sourcecode.swift; path = RequestHeaderManager.swift; sourceTree = "<group>"; };
		F4A8A2422B941A99001F57BE /* RequestBodyManager.swift */ = {isa = PBXFileReference; lastKnownFileType = sourcecode.swift; path = RequestBodyManager.swift; sourceTree = "<group>"; };
		F4A8A2442B941AA5001F57BE /* WebService.swift */ = {isa = PBXFileReference; lastKnownFileType = sourcecode.swift; path = WebService.swift; sourceTree = "<group>"; };
		F4A8A2462B941AB5001F57BE /* NetworkErrors.swift */ = {isa = PBXFileReference; lastKnownFileType = sourcecode.swift; path = NetworkErrors.swift; sourceTree = "<group>"; };
		F4A8A2482B941ACD001F57BE /* NetworkMonitorService.swift */ = {isa = PBXFileReference; lastKnownFileType = sourcecode.swift; path = NetworkMonitorService.swift; sourceTree = "<group>"; };
		F4AD1F392B9572E300369ED4 /* Logger.swift */ = {isa = PBXFileReference; lastKnownFileType = sourcecode.swift; path = Logger.swift; sourceTree = "<group>"; };
		F4AD1F3D2B95958500369ED4 /* PopularMoviesPage.swift */ = {isa = PBXFileReference; lastKnownFileType = sourcecode.swift; path = PopularMoviesPage.swift; sourceTree = "<group>"; };
		F4AD1F3F2B959BC000369ED4 /* PopularMovie.swift */ = {isa = PBXFileReference; lastKnownFileType = sourcecode.swift; path = PopularMovie.swift; sourceTree = "<group>"; };
		F4C09BEE2B96C071002259B3 /* MovieTableViewCell.swift */ = {isa = PBXFileReference; lastKnownFileType = sourcecode.swift; path = MovieTableViewCell.swift; sourceTree = "<group>"; };
		F4C09BEF2B96C071002259B3 /* MovieTableViewCell.xib */ = {isa = PBXFileReference; lastKnownFileType = file.xib; path = MovieTableViewCell.xib; sourceTree = "<group>"; };
		F4FC688D2B9168C00012E8C4 /* ScreenSleuth.app */ = {isa = PBXFileReference; explicitFileType = wrapper.application; includeInIndex = 0; path = ScreenSleuth.app; sourceTree = BUILT_PRODUCTS_DIR; };
		F4FC68902B9168C00012E8C4 /* AppDelegate.swift */ = {isa = PBXFileReference; lastKnownFileType = sourcecode.swift; path = AppDelegate.swift; sourceTree = "<group>"; };
		F4FC68922B9168C00012E8C4 /* SceneDelegate.swift */ = {isa = PBXFileReference; lastKnownFileType = sourcecode.swift; path = SceneDelegate.swift; sourceTree = "<group>"; };
		F4FC68942B9168C00012E8C4 /* SearchMovieViewController.swift */ = {isa = PBXFileReference; lastKnownFileType = sourcecode.swift; path = SearchMovieViewController.swift; sourceTree = "<group>"; };
		F4FC68972B9168C00012E8C4 /* Base */ = {isa = PBXFileReference; lastKnownFileType = file.storyboard; name = Base; path = Base.lproj/Main.storyboard; sourceTree = "<group>"; };
		F4FC68992B9168C20012E8C4 /* Assets.xcassets */ = {isa = PBXFileReference; lastKnownFileType = folder.assetcatalog; path = Assets.xcassets; sourceTree = "<group>"; };
		F4FC689C2B9168C20012E8C4 /* Base */ = {isa = PBXFileReference; lastKnownFileType = file.storyboard; name = Base; path = Base.lproj/LaunchScreen.storyboard; sourceTree = "<group>"; };
		F4FC689E2B9168C20012E8C4 /* Info.plist */ = {isa = PBXFileReference; lastKnownFileType = text.plist.xml; path = Info.plist; sourceTree = "<group>"; };
		F4FC68A42B916B090012E8C4 /* README.md */ = {isa = PBXFileReference; fileEncoding = 4; lastKnownFileType = net.daringfireball.markdown; path = README.md; sourceTree = "<group>"; };
		F4FC68AB2B91723D0012E8C4 /* StoryBoarded.swift */ = {isa = PBXFileReference; lastKnownFileType = sourcecode.swift; path = StoryBoarded.swift; sourceTree = "<group>"; };
		F4FC68AF2B91727F0012E8C4 /* UIViewController.swift */ = {isa = PBXFileReference; lastKnownFileType = sourcecode.swift; path = UIViewController.swift; sourceTree = "<group>"; };
		F4FC68B12B9172BC0012E8C4 /* CoordinatorProtocol.swift */ = {isa = PBXFileReference; lastKnownFileType = sourcecode.swift; path = CoordinatorProtocol.swift; sourceTree = "<group>"; };
		F4FC68B32B9172DA0012E8C4 /* MainCoordinator.swift */ = {isa = PBXFileReference; lastKnownFileType = sourcecode.swift; path = MainCoordinator.swift; sourceTree = "<group>"; };
/* End PBXFileReference section */

/* Begin PBXFrameworksBuildPhase section */
		F4FC688A2B9168C00012E8C4 /* Frameworks */ = {
			isa = PBXFrameworksBuildPhase;
			buildActionMask = 2147483647;
			files = (
			);
			runOnlyForDeploymentPostprocessing = 0;
		};
/* End PBXFrameworksBuildPhase section */

/* Begin PBXGroup section */
		F4A8A2362B9419DF001F57BE /* Services */ = {
			isa = PBXGroup;
			children = (
				F4A8A2372B9419FF001F57BE /* NetworkServices */,
			);
			path = Services;
			sourceTree = "<group>";
		};
		F4A8A2372B9419FF001F57BE /* NetworkServices */ = {
			isa = PBXGroup;
			children = (
				F4A8A2382B941A1B001F57BE /* RequestManager.swift */,
				F4A8A23A2B941A28001F57BE /* RequestMethodManager.swift */,
				F4A8A23C2B941A34001F57BE /* RequestURLManager.swift */,
				F4A8A23E2B941A45001F57BE /* RequestQueryParamManager.swift */,
				F4A8A2402B941A8B001F57BE /* RequestHeaderManager.swift */,
				F4A8A2422B941A99001F57BE /* RequestBodyManager.swift */,
				F4A8A2442B941AA5001F57BE /* WebService.swift */,
				F4A8A2462B941AB5001F57BE /* NetworkErrors.swift */,
				F4A8A2482B941ACD001F57BE /* NetworkMonitorService.swift */,
			);
			path = NetworkServices;
			sourceTree = "<group>";
		};
		F4AD1F382B9572C900369ED4 /* Utils */ = {
			isa = PBXGroup;
			children = (
				F4AD1F392B9572E300369ED4 /* Logger.swift */,
			);
			path = Utils;
			sourceTree = "<group>";
		};
		F4AD1F3B2B95954200369ED4 /* Models */ = {
			isa = PBXGroup;
			children = (
				F4AD1F3C2B95954700369ED4 /* APIModels */,
			);
			path = Models;
			sourceTree = "<group>";
		};
		F4AD1F3C2B95954700369ED4 /* APIModels */ = {
			isa = PBXGroup;
			children = (
				F4AD1F3D2B95958500369ED4 /* PopularMoviesPage.swift */,
				F4AD1F3F2B959BC000369ED4 /* PopularMovie.swift */,
			);
			path = APIModels;
			sourceTree = "<group>";
		};
		F4C09BED2B96C025002259B3 /* CustomCells */ = {
			isa = PBXGroup;
			children = (
				F4C850232B980F46002D4CB6 /* MoviTableViewCell */,
			);
			path = CustomCells;
			sourceTree = "<group>";
		};
		F4C850232B980F46002D4CB6 /* MoviTableViewCell */ = {
			isa = PBXGroup;
			children = (
				F4C09BEE2B96C071002259B3 /* MovieTableViewCell.swift */,
				F4C09BEF2B96C071002259B3 /* MovieTableViewCell.xib */,
			);
			path = MoviTableViewCell;
			sourceTree = "<group>";
		};
		F4FC68842B9168C00012E8C4 = {
			isa = PBXGroup;
			children = (
				F4FC68A42B916B090012E8C4 /* README.md */,
				F4FC688F2B9168C00012E8C4 /* ScreenSleuth */,
				F4FC688E2B9168C00012E8C4 /* Products */,
			);
			sourceTree = "<group>";
		};
		F4FC688E2B9168C00012E8C4 /* Products */ = {
			isa = PBXGroup;
			children = (
				F4FC688D2B9168C00012E8C4 /* ScreenSleuth.app */,
			);
			name = Products;
			sourceTree = "<group>";
		};
		F4FC688F2B9168C00012E8C4 /* ScreenSleuth */ = {
			isa = PBXGroup;
			children = (
				F4FC68902B9168C00012E8C4 /* AppDelegate.swift */,
				F4FC68922B9168C00012E8C4 /* SceneDelegate.swift */,
				F4AD1F3B2B95954200369ED4 /* Models */,
				F4FC68AA2B9170DB0012E8C4 /* Coordinator */,
				F4FC68A72B91704A0012E8C4 /* Views */,
				F4FC68A92B9170750012E8C4 /* Controllers */,
				F4A8A2362B9419DF001F57BE /* Services */,
				F4FC68AD2B91725D0012E8C4 /* Helpers */,
				F4FC68A62B916F7E0012E8C4 /* Resources */,
			);
			path = ScreenSleuth;
			sourceTree = "<group>";
		};
		F4FC68A62B916F7E0012E8C4 /* Resources */ = {
			isa = PBXGroup;
			children = (
				F4FC68992B9168C20012E8C4 /* Assets.xcassets */,
				F4FC689E2B9168C20012E8C4 /* Info.plist */,
			);
			path = Resources;
			sourceTree = "<group>";
		};
		F4FC68A72B91704A0012E8C4 /* Views */ = {
			isa = PBXGroup;
			children = (
				F4C09BED2B96C025002259B3 /* CustomCells */,
				F4FC68A82B91705D0012E8C4 /* StoryBoards */,
			);
			path = Views;
			sourceTree = "<group>";
		};
		F4FC68A82B91705D0012E8C4 /* StoryBoards */ = {
			isa = PBXGroup;
			children = (
				F4FC689B2B9168C20012E8C4 /* LaunchScreen.storyboard */,
				F4FC68962B9168C00012E8C4 /* Main.storyboard */,
			);
			path = StoryBoards;
			sourceTree = "<group>";
		};
		F4FC68A92B9170750012E8C4 /* Controllers */ = {
			isa = PBXGroup;
			children = (
				F4FC68942B9168C00012E8C4 /* SearchMovieViewController.swift */,
			);
			path = Controllers;
			sourceTree = "<group>";
		};
		F4FC68AA2B9170DB0012E8C4 /* Coordinator */ = {
			isa = PBXGroup;
			children = (
				F4FC68AB2B91723D0012E8C4 /* StoryBoarded.swift */,
				F4FC68B12B9172BC0012E8C4 /* CoordinatorProtocol.swift */,
				F4FC68B32B9172DA0012E8C4 /* MainCoordinator.swift */,
			);
			path = Coordinator;
			sourceTree = "<group>";
		};
		F4FC68AD2B91725D0012E8C4 /* Helpers */ = {
			isa = PBXGroup;
			children = (
				F4AD1F382B9572C900369ED4 /* Utils */,
				F4FC68AE2B91726F0012E8C4 /* Extensions */,
			);
			path = Helpers;
			sourceTree = "<group>";
		};
		F4FC68AE2B91726F0012E8C4 /* Extensions */ = {
			isa = PBXGroup;
			children = (
				F4FC68AF2B91727F0012E8C4 /* UIViewController.swift */,
			);
			path = Extensions;
			sourceTree = "<group>";
		};
/* End PBXGroup section */

/* Begin PBXNativeTarget section */
		F4FC688C2B9168C00012E8C4 /* ScreenSleuth */ = {
			isa = PBXNativeTarget;
			buildConfigurationList = F4FC68A12B9168C20012E8C4 /* Build configuration list for PBXNativeTarget "ScreenSleuth" */;
			buildPhases = (
				F4FC68892B9168C00012E8C4 /* Sources */,
				F4FC688A2B9168C00012E8C4 /* Frameworks */,
				F4FC688B2B9168C00012E8C4 /* Resources */,
			);
			buildRules = (
			);
			dependencies = (
			);
			name = ScreenSleuth;
			productName = ScreenSleuth;
			productReference = F4FC688D2B9168C00012E8C4 /* ScreenSleuth.app */;
			productType = "com.apple.product-type.application";
		};
/* End PBXNativeTarget section */

/* Begin PBXProject section */
		F4FC68852B9168C00012E8C4 /* Project object */ = {
			isa = PBXProject;
			attributes = {
				BuildIndependentTargetsInParallel = 1;
				LastSwiftUpdateCheck = 1510;
				LastUpgradeCheck = 1510;
				TargetAttributes = {
					F4FC688C2B9168C00012E8C4 = {
						CreatedOnToolsVersion = 15.1;
					};
				};
			};
			buildConfigurationList = F4FC68882B9168C00012E8C4 /* Build configuration list for PBXProject "ScreenSleuth" */;
			compatibilityVersion = "Xcode 14.0";
			developmentRegion = en;
			hasScannedForEncodings = 0;
			knownRegions = (
				en,
				Base,
			);
			mainGroup = F4FC68842B9168C00012E8C4;
			productRefGroup = F4FC688E2B9168C00012E8C4 /* Products */;
			projectDirPath = "";
			projectRoot = "";
			targets = (
				F4FC688C2B9168C00012E8C4 /* ScreenSleuth */,
			);
		};
/* End PBXProject section */

/* Begin PBXResourcesBuildPhase section */
		F4FC688B2B9168C00012E8C4 /* Resources */ = {
			isa = PBXResourcesBuildPhase;
			buildActionMask = 2147483647;
			files = (
				F4FC689D2B9168C20012E8C4 /* LaunchScreen.storyboard in Resources */,
				F4C09BF12B96C071002259B3 /* MovieTableViewCell.xib in Resources */,
				F4FC689A2B9168C20012E8C4 /* Assets.xcassets in Resources */,
				F4FC68A52B916B0A0012E8C4 /* README.md in Resources */,
				F4FC68982B9168C00012E8C4 /* Main.storyboard in Resources */,
			);
			runOnlyForDeploymentPostprocessing = 0;
		};
/* End PBXResourcesBuildPhase section */

/* Begin PBXSourcesBuildPhase section */
		F4FC68892B9168C00012E8C4 /* Sources */ = {
			isa = PBXSourcesBuildPhase;
			buildActionMask = 2147483647;
			files = (
				F4FC68952B9168C00012E8C4 /* SearchMovieViewController.swift in Sources */,
				F4FC68B42B9172DA0012E8C4 /* MainCoordinator.swift in Sources */,
				F4A8A2452B941AA5001F57BE /* WebService.swift in Sources */,
				F4A8A2412B941A8B001F57BE /* RequestHeaderManager.swift in Sources */,
				F4A8A23F2B941A45001F57BE /* RequestQueryParamManager.swift in Sources */,
				F4A8A2472B941AB5001F57BE /* NetworkErrors.swift in Sources */,
				F4A8A23B2B941A28001F57BE /* RequestMethodManager.swift in Sources */,
				F4AD1F3E2B95958500369ED4 /* PopularMoviesPage.swift in Sources */,
				F4FC68912B9168C00012E8C4 /* AppDelegate.swift in Sources */,
				F4AD1F3A2B9572E300369ED4 /* Logger.swift in Sources */,
				F4C09BF02B96C071002259B3 /* MovieTableViewCell.swift in Sources */,
				F4A8A2392B941A1B001F57BE /* RequestManager.swift in Sources */,
				F4A8A2492B941ACD001F57BE /* NetworkMonitorService.swift in Sources */,
				F4FC68B22B9172BC0012E8C4 /* CoordinatorProtocol.swift in Sources */,
				F4A8A2432B941A99001F57BE /* RequestBodyManager.swift in Sources */,
				F4AD1F402B959BC000369ED4 /* PopularMovie.swift in Sources */,
				F4FC68932B9168C00012E8C4 /* SceneDelegate.swift in Sources */,
				F4FC68AC2B91723D0012E8C4 /* StoryBoarded.swift in Sources */,
				F4FC68B02B91727F0012E8C4 /* UIViewController.swift in Sources */,
				F4A8A23D2B941A34001F57BE /* RequestURLManager.swift in Sources */,
			);
			runOnlyForDeploymentPostprocessing = 0;
		};
/* End PBXSourcesBuildPhase section */

/* Begin PBXVariantGroup section */
		F4FC68962B9168C00012E8C4 /* Main.storyboard */ = {
			isa = PBXVariantGroup;
			children = (
				F4FC68972B9168C00012E8C4 /* Base */,
			);
			name = Main.storyboard;
			sourceTree = "<group>";
		};
		F4FC689B2B9168C20012E8C4 /* LaunchScreen.storyboard */ = {
			isa = PBXVariantGroup;
			children = (
				F4FC689C2B9168C20012E8C4 /* Base */,
			);
			name = LaunchScreen.storyboard;
			sourceTree = "<group>";
		};
/* End PBXVariantGroup section */

/* Begin XCBuildConfiguration section */
		F4FC689F2B9168C20012E8C4 /* Debug */ = {
			isa = XCBuildConfiguration;
			buildSettings = {
				ALWAYS_SEARCH_USER_PATHS = NO;
				ASSETCATALOG_COMPILER_GENERATE_SWIFT_ASSET_SYMBOL_EXTENSIONS = YES;
				CLANG_ANALYZER_NONNULL = YES;
				CLANG_ANALYZER_NUMBER_OBJECT_CONVERSION = YES_AGGRESSIVE;
				CLANG_CXX_LANGUAGE_STANDARD = "gnu++20";
				CLANG_ENABLE_MODULES = YES;
				CLANG_ENABLE_OBJC_ARC = YES;
				CLANG_ENABLE_OBJC_WEAK = YES;
				CLANG_WARN_BLOCK_CAPTURE_AUTORELEASING = YES;
				CLANG_WARN_BOOL_CONVERSION = YES;
				CLANG_WARN_COMMA = YES;
				CLANG_WARN_CONSTANT_CONVERSION = YES;
				CLANG_WARN_DEPRECATED_OBJC_IMPLEMENTATIONS = YES;
				CLANG_WARN_DIRECT_OBJC_ISA_USAGE = YES_ERROR;
				CLANG_WARN_DOCUMENTATION_COMMENTS = YES;
				CLANG_WARN_EMPTY_BODY = YES;
				CLANG_WARN_ENUM_CONVERSION = YES;
				CLANG_WARN_INFINITE_RECURSION = YES;
				CLANG_WARN_INT_CONVERSION = YES;
				CLANG_WARN_NON_LITERAL_NULL_CONVERSION = YES;
				CLANG_WARN_OBJC_IMPLICIT_RETAIN_SELF = YES;
				CLANG_WARN_OBJC_LITERAL_CONVERSION = YES;
				CLANG_WARN_OBJC_ROOT_CLASS = YES_ERROR;
				CLANG_WARN_QUOTED_INCLUDE_IN_FRAMEWORK_HEADER = YES;
				CLANG_WARN_RANGE_LOOP_ANALYSIS = YES;
				CLANG_WARN_STRICT_PROTOTYPES = YES;
				CLANG_WARN_SUSPICIOUS_MOVE = YES;
				CLANG_WARN_UNGUARDED_AVAILABILITY = YES_AGGRESSIVE;
				CLANG_WARN_UNREACHABLE_CODE = YES;
				CLANG_WARN__DUPLICATE_METHOD_MATCH = YES;
				COPY_PHASE_STRIP = NO;
				DEBUG_INFORMATION_FORMAT = dwarf;
				ENABLE_STRICT_OBJC_MSGSEND = YES;
				ENABLE_TESTABILITY = YES;
				ENABLE_USER_SCRIPT_SANDBOXING = YES;
				GCC_C_LANGUAGE_STANDARD = gnu17;
				GCC_DYNAMIC_NO_PIC = NO;
				GCC_NO_COMMON_BLOCKS = YES;
				GCC_OPTIMIZATION_LEVEL = 0;
				GCC_PREPROCESSOR_DEFINITIONS = (
					"DEBUG=1",
					"$(inherited)",
				);
				GCC_WARN_64_TO_32_BIT_CONVERSION = YES;
				GCC_WARN_ABOUT_RETURN_TYPE = YES_ERROR;
				GCC_WARN_UNDECLARED_SELECTOR = YES;
				GCC_WARN_UNINITIALIZED_AUTOS = YES_AGGRESSIVE;
				GCC_WARN_UNUSED_FUNCTION = YES;
				GCC_WARN_UNUSED_VARIABLE = YES;
				IPHONEOS_DEPLOYMENT_TARGET = 17.2;
				LOCALIZATION_PREFERS_STRING_CATALOGS = YES;
				MTL_ENABLE_DEBUG_INFO = INCLUDE_SOURCE;
				MTL_FAST_MATH = YES;
				ONLY_ACTIVE_ARCH = YES;
				SDKROOT = iphoneos;
				SWIFT_ACTIVE_COMPILATION_CONDITIONS = "DEBUG $(inherited)";
				SWIFT_OPTIMIZATION_LEVEL = "-Onone";
			};
			name = Debug;
		};
		F4FC68A02B9168C20012E8C4 /* Release */ = {
			isa = XCBuildConfiguration;
			buildSettings = {
				ALWAYS_SEARCH_USER_PATHS = NO;
				ASSETCATALOG_COMPILER_GENERATE_SWIFT_ASSET_SYMBOL_EXTENSIONS = YES;
				CLANG_ANALYZER_NONNULL = YES;
				CLANG_ANALYZER_NUMBER_OBJECT_CONVERSION = YES_AGGRESSIVE;
				CLANG_CXX_LANGUAGE_STANDARD = "gnu++20";
				CLANG_ENABLE_MODULES = YES;
				CLANG_ENABLE_OBJC_ARC = YES;
				CLANG_ENABLE_OBJC_WEAK = YES;
				CLANG_WARN_BLOCK_CAPTURE_AUTORELEASING = YES;
				CLANG_WARN_BOOL_CONVERSION = YES;
				CLANG_WARN_COMMA = YES;
				CLANG_WARN_CONSTANT_CONVERSION = YES;
				CLANG_WARN_DEPRECATED_OBJC_IMPLEMENTATIONS = YES;
				CLANG_WARN_DIRECT_OBJC_ISA_USAGE = YES_ERROR;
				CLANG_WARN_DOCUMENTATION_COMMENTS = YES;
				CLANG_WARN_EMPTY_BODY = YES;
				CLANG_WARN_ENUM_CONVERSION = YES;
				CLANG_WARN_INFINITE_RECURSION = YES;
				CLANG_WARN_INT_CONVERSION = YES;
				CLANG_WARN_NON_LITERAL_NULL_CONVERSION = YES;
				CLANG_WARN_OBJC_IMPLICIT_RETAIN_SELF = YES;
				CLANG_WARN_OBJC_LITERAL_CONVERSION = YES;
				CLANG_WARN_OBJC_ROOT_CLASS = YES_ERROR;
				CLANG_WARN_QUOTED_INCLUDE_IN_FRAMEWORK_HEADER = YES;
				CLANG_WARN_RANGE_LOOP_ANALYSIS = YES;
				CLANG_WARN_STRICT_PROTOTYPES = YES;
				CLANG_WARN_SUSPICIOUS_MOVE = YES;
				CLANG_WARN_UNGUARDED_AVAILABILITY = YES_AGGRESSIVE;
				CLANG_WARN_UNREACHABLE_CODE = YES;
				CLANG_WARN__DUPLICATE_METHOD_MATCH = YES;
				COPY_PHASE_STRIP = NO;
				DEBUG_INFORMATION_FORMAT = "dwarf-with-dsym";
				ENABLE_NS_ASSERTIONS = NO;
				ENABLE_STRICT_OBJC_MSGSEND = YES;
				ENABLE_USER_SCRIPT_SANDBOXING = YES;
				GCC_C_LANGUAGE_STANDARD = gnu17;
				GCC_NO_COMMON_BLOCKS = YES;
				GCC_WARN_64_TO_32_BIT_CONVERSION = YES;
				GCC_WARN_ABOUT_RETURN_TYPE = YES_ERROR;
				GCC_WARN_UNDECLARED_SELECTOR = YES;
				GCC_WARN_UNINITIALIZED_AUTOS = YES_AGGRESSIVE;
				GCC_WARN_UNUSED_FUNCTION = YES;
				GCC_WARN_UNUSED_VARIABLE = YES;
				IPHONEOS_DEPLOYMENT_TARGET = 17.2;
				LOCALIZATION_PREFERS_STRING_CATALOGS = YES;
				MTL_ENABLE_DEBUG_INFO = NO;
				MTL_FAST_MATH = YES;
				SDKROOT = iphoneos;
				SWIFT_COMPILATION_MODE = wholemodule;
				VALIDATE_PRODUCT = YES;
			};
			name = Release;
		};
		F4FC68A22B9168C20012E8C4 /* Debug */ = {
			isa = XCBuildConfiguration;
			buildSettings = {
				ASSETCATALOG_COMPILER_APPICON_NAME = AppIcon;
				ASSETCATALOG_COMPILER_GLOBAL_ACCENT_COLOR_NAME = AccentColor;
				CODE_SIGN_STYLE = Automatic;
				CURRENT_PROJECT_VERSION = 1;
				DEVELOPMENT_TEAM = 6XDH7NDX63;
				GENERATE_INFOPLIST_FILE = YES;
				INFOPLIST_FILE = ScreenSleuth/Resources/Info.plist;
				INFOPLIST_KEY_UIApplicationSupportsIndirectInputEvents = YES;
				INFOPLIST_KEY_UILaunchStoryboardName = LaunchScreen;
				INFOPLIST_KEY_UIMainStoryboardFile = Main;
				INFOPLIST_KEY_UISupportedInterfaceOrientations_iPad = "UIInterfaceOrientationPortrait UIInterfaceOrientationPortraitUpsideDown UIInterfaceOrientationLandscapeLeft UIInterfaceOrientationLandscapeRight";
				INFOPLIST_KEY_UISupportedInterfaceOrientations_iPhone = "UIInterfaceOrientationPortrait UIInterfaceOrientationLandscapeLeft UIInterfaceOrientationLandscapeRight";
				LD_RUNPATH_SEARCH_PATHS = (
					"$(inherited)",
					"@executable_path/Frameworks",
				);
				MARKETING_VERSION = 1.0;
				PRODUCT_BUNDLE_IDENTIFIER = Ario.Liyan.ScreenSleuth;
				PRODUCT_NAME = "$(TARGET_NAME)";
				SWIFT_EMIT_LOC_STRINGS = YES;
				SWIFT_VERSION = 5.0;
				TARGETED_DEVICE_FAMILY = "1,2";
			};
			name = Debug;
		};
		F4FC68A32B9168C20012E8C4 /* Release */ = {
			isa = XCBuildConfiguration;
			buildSettings = {
				ASSETCATALOG_COMPILER_APPICON_NAME = AppIcon;
				ASSETCATALOG_COMPILER_GLOBAL_ACCENT_COLOR_NAME = AccentColor;
				CODE_SIGN_STYLE = Automatic;
				CURRENT_PROJECT_VERSION = 1;
				DEVELOPMENT_TEAM = 6XDH7NDX63;
				GENERATE_INFOPLIST_FILE = YES;
				INFOPLIST_FILE = ScreenSleuth/Resources/Info.plist;
				INFOPLIST_KEY_UIApplicationSupportsIndirectInputEvents = YES;
				INFOPLIST_KEY_UILaunchStoryboardName = LaunchScreen;
				INFOPLIST_KEY_UIMainStoryboardFile = Main;
				INFOPLIST_KEY_UISupportedInterfaceOrientations_iPad = "UIInterfaceOrientationPortrait UIInterfaceOrientationPortraitUpsideDown UIInterfaceOrientationLandscapeLeft UIInterfaceOrientationLandscapeRight";
				INFOPLIST_KEY_UISupportedInterfaceOrientations_iPhone = "UIInterfaceOrientationPortrait UIInterfaceOrientationLandscapeLeft UIInterfaceOrientationLandscapeRight";
				LD_RUNPATH_SEARCH_PATHS = (
					"$(inherited)",
					"@executable_path/Frameworks",
				);
				MARKETING_VERSION = 1.0;
				PRODUCT_BUNDLE_IDENTIFIER = Ario.Liyan.ScreenSleuth;
				PRODUCT_NAME = "$(TARGET_NAME)";
				SWIFT_EMIT_LOC_STRINGS = YES;
				SWIFT_VERSION = 5.0;
				TARGETED_DEVICE_FAMILY = "1,2";
			};
			name = Release;
		};
/* End XCBuildConfiguration section */

/* Begin XCConfigurationList section */
		F4FC68882B9168C00012E8C4 /* Build configuration list for PBXProject "ScreenSleuth" */ = {
			isa = XCConfigurationList;
			buildConfigurations = (
				F4FC689F2B9168C20012E8C4 /* Debug */,
				F4FC68A02B9168C20012E8C4 /* Release */,
			);
			defaultConfigurationIsVisible = 0;
			defaultConfigurationName = Release;
		};
		F4FC68A12B9168C20012E8C4 /* Build configuration list for PBXNativeTarget "ScreenSleuth" */ = {
			isa = XCConfigurationList;
			buildConfigurations = (
				F4FC68A22B9168C20012E8C4 /* Debug */,
				F4FC68A32B9168C20012E8C4 /* Release */,
			);
			defaultConfigurationIsVisible = 0;
			defaultConfigurationName = Release;
		};
/* End XCConfigurationList section */
	};
	rootObject = F4FC68852B9168C00012E8C4 /* Project object */;
}
